
Microsoft Visual Studio Solution File, Format Version 12.00
# Visual Studio Version 17
VisualStudioVersion = 17.1.32210.238
MinimumVisualStudioVersion = 10.0.40219.1
Project("{FAE04EC0-301F-11D3-BF4B-00C04F79EFBC}") = "Praktikum Week 8", "Praktikum Week 8\Praktikum Week 8.csproj", "{B2E7B5BC-45AF-42C3-994F-E956A093294A}"
EndProject
Global
	GlobalSection(SolutionConfigurationPlatforms) = preSolution
		Debug|Any CPU = Debug|Any CPU
		Release|Any CPU = Release|Any CPU
	EndGlobalSection
	GlobalSection(ProjectConfigurationPlatforms) = postSolution
		{B2E7B5BC-45AF-42C3-994F-E956A093294A}.Debug|Any CPU.ActiveCfg = Debug|Any CPU
		{B2E7B5BC-45AF-42C3-994F-E956A093294A}.Debug|Any CPU.Build.0 = Debug|Any CPU
		{B2E7B5BC-45AF-42C3-994F-E956A093294A}.Release|Any CPU.ActiveCfg = Release|Any CPU
		{B2E7B5BC-45AF-42C3-994F-E956A093294A}.Release|Any CPU.Build.0 = Release|Any CPU
	EndGlobalSection
	GlobalSection(SolutionProperties) = preSolution
		HideSolutionNode = FALSE
	EndGlobalSection
	GlobalSection(ExtensibilityGlobals) = postSolution
		SolutionGuid = {6BEA7C50-3757-4C60-A212-7285A6F3F6B8}
	EndGlobalSection
EndGlobal
